{
  "name": "go-logger",
  "version": "1.0.0",
  "lockfileVersion": 1,
  "requires": true,
  "dependencies": {
    "concolor": {
      "version": "0.1.5",
      "resolved": "https://registry.npmjs.org/concolor/-/concolor-0.1.5.tgz",
      "integrity": "sha512-/eYzkWJUZtMyERxumJqZKnWmV/TW29h9XeYDbHS8qaCJemt/dNeH7PDeZoVtcSeWe47F8fqqyORG6yudjiOaBg=="
    },
    "get-own-enumerable-property-symbols": {
      "version": "2.0.1",
      "resolved": "https://registry.npmjs.org/get-own-enumerable-property-symbols/-/get-own-enumerable-property-symbols-2.0.1.tgz",
      "integrity": "sha512-TtY/sbOemiMKPRUDDanGCSgBYe7Mf0vbRsWnBZ+9yghpZ1MvcpSpuZFjHdEeY/LZjZy0vdLjS77L6HosisFiug=="
    },
    "go-duration": {
      "version": "1.0.0",
      "resolved": "https://registry.npmjs.org/go-duration/-/go-duration-1.0.0.tgz",
      "integrity": "sha512-+o8UNl1X8g1pkiNHClQQlr81jGGlJzzx1HBWFIVNefLHVirCnaQCvQjOu+/xlwekI0Z/FWHCi5PJqXP8bsLRQg=="
    },
    "go-normal-stack": {
      "version": "1.0.0",
      "resolved": "https://registry.npmjs.org/go-normal-stack/-/go-normal-stack-1.0.0.tgz",
      "integrity": "sha512-M1wljlwfZdxlvB6OHk7Mkp1WlFRahS8ybMbMYkOdnJejjNWSlreeqCDQXysFRY1zz+3JatYeF0ebCafYJv2O7Q=="
    },
    "is-obj": {
      "version": "1.0.1",
      "resolved": "https://registry.npmjs.org/is-obj/-/is-obj-1.0.1.tgz",
      "integrity": "sha1-PkcprB9f3gJc19g6iW2rn09n2w8="
    },
    "is-regexp": {
      "version": "1.0.0",
      "resolved": "https://registry.npmjs.org/is-regexp/-/is-regexp-1.0.0.tgz",
      "integrity": "sha1-/S2INUXEa6xaYz57mgnof6LLUGk="
    },
    "lodash": {
      "version": "4.17.4",
      "resolved": "https://registry.npmjs.org/lodash/-/lodash-4.17.4.tgz",
      "integrity": "sha1-eCA6TRwyiuHYbcpkYONptX9AVa4="
    },
    "minimist": {
      "version": "0.0.8",
      "resolved": "https://registry.npmjs.org/minimist/-/minimist-0.0.8.tgz",
      "integrity": "sha1-hX/Kv8M5fSYluCKCYuhqp6ARsF0="
    },
    "mkdirp": {
      "version": "0.5.1",
      "resolved": "https://registry.npmjs.org/mkdirp/-/mkdirp-0.5.1.tgz",
      "integrity": "sha1-MAV0OOrGz3+MR2fzhkjWaX11yQM=",
      "requires": {
        "minimist": "0.0.8"
      }
    },
    "stringify-object": {
      "version": "3.2.1",
      "resolved": "https://registry.npmjs.org/stringify-object/-/stringify-object-3.2.1.tgz",
      "integrity": "sha512-jPcQYw/52HUPP8uOE4kkjxl5bB9LfHkKCTptIk3qw7ozP5XMIMlHMLjt00GGSwW6DJAf/njY5EU6Vpwl4LlBKQ==",
      "requires": {
        "get-own-enumerable-property-symbols": "2.0.1",
        "is-obj": "1.0.1",
        "is-regexp": "1.0.0"
      }
    }
  }
}
